
Microsoft Visual Studio Solution File, Format Version 12.00
# Visual Studio 15
VisualStudioVersion = 15.0.28307.705
MinimumVisualStudioVersion = 10.0.40219.1
Project("{888888A0-9F3D-457C-B088-3A5042F75D52}") = "groupScrapy", "groupScrapy.pyproj", "{842C9EA0-7379-45EE-A53E-524CD9F62867}"
EndProject
Global
	GlobalSection(SolutionConfigurationPlatforms) = preSolution
		Debug|Any CPU = Debug|Any CPU
		Release|Any CPU = Release|Any CPU
	EndGlobalSection
	GlobalSection(ProjectConfigurationPlatforms) = postSolution
		{842C9EA0-7379-45EE-A53E-524CD9F62867}.Debug|Any CPU.ActiveCfg = Debug|Any CPU
		{842C9EA0-7379-45EE-A53E-524CD9F62867}.Release|Any CPU.ActiveCfg = Release|Any CPU
	EndGlobalSection
	GlobalSection(SolutionProperties) = preSolution
		HideSolutionNode = FALSE
	EndGlobalSection
	GlobalSection(ExtensibilityGlobals) = postSolution
		SolutionGuid = {A528CA9E-A074-4DCD-985F-7D11FAE3919F}
	EndGlobalSection
EndGlobal
